// !$*UTF8*$!
{
	archiveVersion = 1;
	classes = {
	};
	objectVersion = 50;
	objects = {

/* Begin PBXBuildFile section */
		362404D123C77AC900207356 /* AppDelegate.swift in Sources */ = {isa = PBXBuildFile; fileRef = 362404D023C77AC900207356 /* AppDelegate.swift */; };
		362404D323C77AC900207356 /* SceneDelegate.swift in Sources */ = {isa = PBXBuildFile; fileRef = 362404D223C77AC900207356 /* SceneDelegate.swift */; };
		362404D523C77AC900207356 /* ViewController.swift in Sources */ = {isa = PBXBuildFile; fileRef = 362404D423C77AC900207356 /* ViewController.swift */; };
		362404D823C77AC900207356 /* Main.storyboard in Resources */ = {isa = PBXBuildFile; fileRef = 362404D623C77AC900207356 /* Main.storyboard */; };
		362404DA23C77ACA00207356 /* Assets.xcassets in Resources */ = {isa = PBXBuildFile; fileRef = 362404D923C77ACA00207356 /* Assets.xcassets */; };
		362404DD23C77ACA00207356 /* LaunchScreen.storyboard in Resources */ = {isa = PBXBuildFile; fileRef = 362404DB23C77ACA00207356 /* LaunchScreen.storyboard */; };
		362404E823C77ACA00207356 /* PiratesV2Tests.swift in Sources */ = {isa = PBXBuildFile; fileRef = 362404E723C77ACA00207356 /* PiratesV2Tests.swift */; };
		362404F323C77ACA00207356 /* PiratesV2UITests.swift in Sources */ = {isa = PBXBuildFile; fileRef = 362404F223C77ACA00207356 /* PiratesV2UITests.swift */; };
		36AD408D23C7883B007AF208 /* PiratesAndShips.swift in Sources */ = {isa = PBXBuildFile; fileRef = 36AD408C23C7883B007AF208 /* PiratesAndShips.swift */; };
/* End PBXBuildFile section */

/* Begin PBXContainerItemProxy section */
		362404E423C77ACA00207356 /* PBXContainerItemProxy */ = {
			isa = PBXContainerItemProxy;
			containerPortal = 362404C523C77AC900207356 /* Project object */;
			proxyType = 1;
			remoteGlobalIDString = 362404CC23C77AC900207356;
			remoteInfo = PiratesV2;
		};
		362404EF23C77ACA00207356 /* PBXContainerItemProxy */ = {
			isa = PBXContainerItemProxy;
			containerPortal = 362404C523C77AC900207356 /* Project object */;
			proxyType = 1;
			remoteGlobalIDString = 362404CC23C77AC900207356;
			remoteInfo = PiratesV2;
		};
/* End PBXContainerItemProxy section */

/* Begin PBXFileReference section */
		362404CD23C77AC900207356 /* PiratesV2.app */ = {isa = PBXFileReference; explicitFileType = wrapper.application; includeInIndex = 0; path = PiratesV2.app; sourceTree = BUILT_PRODUCTS_DIR; };
		362404D023C77AC900207356 /* AppDelegate.swift */ = {isa = PBXFileReference; lastKnownFileType = sourcecode.swift; path = AppDelegate.swift; sourceTree = "<group>"; };
		362404D223C77AC900207356 /* SceneDelegate.swift */ = {isa = PBXFileReference; lastKnownFileType = sourcecode.swift; path = SceneDelegate.swift; sourceTree = "<group>"; };
		362404D423C77AC900207356 /* ViewController.swift */ = {isa = PBXFileReference; lastKnownFileType = sourcecode.swift; path = ViewController.swift; sourceTree = "<group>"; };
		362404D723C77AC900207356 /* Base */ = {isa = PBXFileReference; lastKnownFileType = file.storyboard; name = Base; path = Base.lproj/Main.storyboard; sourceTree = "<group>"; };
		362404D923C77ACA00207356 /* Assets.xcassets */ = {isa = PBXFileReference; lastKnownFileType = folder.assetcatalog; path = Assets.xcassets; sourceTree = "<group>"; };
		362404DC23C77ACA00207356 /* Base */ = {isa = PBXFileReference; lastKnownFileType = file.storyboard; name = Base; path = Base.lproj/LaunchScreen.storyboard; sourceTree = "<group>"; };
		362404DE23C77ACA00207356 /* Info.plist */ = {isa = PBXFileReference; lastKnownFileType = text.plist.xml; path = Info.plist; sourceTree = "<group>"; };
		362404E323C77ACA00207356 /* PiratesV2Tests.xctest */ = {isa = PBXFileReference; explicitFileType = wrapper.cfbundle; includeInIndex = 0; path = PiratesV2Tests.xctest; sourceTree = BUILT_PRODUCTS_DIR; };
		362404E723C77ACA00207356 /* PiratesV2Tests.swift */ = {isa = PBXFileReference; lastKnownFileType = sourcecode.swift; path = PiratesV2Tests.swift; sourceTree = "<group>"; };
		362404E923C77ACA00207356 /* Info.plist */ = {isa = PBXFileReference; lastKnownFileType = text.plist.xml; path = Info.plist; sourceTree = "<group>"; };
		362404EE23C77ACA00207356 /* PiratesV2UITests.xctest */ = {isa = PBXFileReference; explicitFileType = wrapper.cfbundle; includeInIndex = 0; path = PiratesV2UITests.xctest; sourceTree = BUILT_PRODUCTS_DIR; };
		362404F223C77ACA00207356 /* PiratesV2UITests.swift */ = {isa = PBXFileReference; lastKnownFileType = sourcecode.swift; path = PiratesV2UITests.swift; sourceTree = "<group>"; };
		362404F423C77ACA00207356 /* Info.plist */ = {isa = PBXFileReference; lastKnownFileType = text.plist.xml; path = Info.plist; sourceTree = "<group>"; };
		36AD408C23C7883B007AF208 /* PiratesAndShips.swift */ = {isa = PBXFileReference; lastKnownFileType = sourcecode.swift; path = PiratesAndShips.swift; sourceTree = "<group>"; };
/* End PBXFileReference section */

/* Begin PBXFrameworksBuildPhase section */
		362404CA23C77AC900207356 /* Frameworks */ = {
			isa = PBXFrameworksBuildPhase;
			buildActionMask = 2147483647;
			files = (
			);
			runOnlyForDeploymentPostprocessing = 0;
		};
		362404E023C77ACA00207356 /* Frameworks */ = {
			isa = PBXFrameworksBuildPhase;
			buildActionMask = 2147483647;
			files = (
			);
			runOnlyForDeploymentPostprocessing = 0;
		};
		362404EB23C77ACA00207356 /* Frameworks */ = {
			isa = PBXFrameworksBuildPhase;
			buildActionMask = 2147483647;
			files = (
			);
			runOnlyForDeploymentPostprocessing = 0;
		};
/* End PBXFrameworksBuildPhase section */

/* Begin PBXGroup section */
		362404C423C77AC900207356 = {
			isa = PBXGroup;
			children = (
				362404CF23C77AC900207356 /* PiratesV2 */,
				362404E623C77ACA00207356 /* PiratesV2Tests */,
				362404F123C77ACA00207356 /* PiratesV2UITests */,
				362404CE23C77AC900207356 /* Products */,
			);
			sourceTree = "<group>";
		};
		362404CE23C77AC900207356 /* Products */ = {
			isa = PBXGroup;
			children = (
				362404CD23C77AC900207356 /* PiratesV2.app */,
				362404E323C77ACA00207356 /* PiratesV2Tests.xctest */,
				362404EE23C77ACA00207356 /* PiratesV2UITests.xctest */,
			);
			name = Products;
			sourceTree = "<group>";
		};
		362404CF23C77AC900207356 /* PiratesV2 */ = {
			isa = PBXGroup;
			children = (
				362404D023C77AC900207356 /* AppDelegate.swift */,
				362404D223C77AC900207356 /* SceneDelegate.swift */,
				362404D423C77AC900207356 /* ViewController.swift */,
				362404D623C77AC900207356 /* Main.storyboard */,
				36AD408C23C7883B007AF208 /* PiratesAndShips.swift */,
				362404D923C77ACA00207356 /* Assets.xcassets */,
				362404DB23C77ACA00207356 /* LaunchScreen.storyboard */,
				362404DE23C77ACA00207356 /* Info.plist */,
			);
			path = PiratesV2;
			sourceTree = "<group>";
		};
		362404E623C77ACA00207356 /* PiratesV2Tests */ = {
			isa = PBXGroup;
			children = (
				362404E723C77ACA00207356 /* PiratesV2Tests.swift */,
				362404E923C77ACA00207356 /* Info.plist */,
			);
			path = PiratesV2Tests;
			sourceTree = "<group>";
		};
		362404F123C77ACA00207356 /* PiratesV2UITests */ = {
			isa = PBXGroup;
			children = (
				362404F223C77ACA00207356 /* PiratesV2UITests.swift */,
				362404F423C77ACA00207356 /* Info.plist */,
			);
			path = PiratesV2UITests;
			sourceTree = "<group>";
		};
/* End PBXGroup section */

/* Begin PBXNativeTarget section */
		362404CC23C77AC900207356 /* PiratesV2 */ = {
			isa = PBXNativeTarget;
			buildConfigurationList = 362404F723C77ACA00207356 /* Build configuration list for PBXNativeTarget "PiratesV2" */;
			buildPhases = (
				362404C923C77AC900207356 /* Sources */,
				362404CA23C77AC900207356 /* Frameworks */,
				362404CB23C77AC900207356 /* Resources */,
			);
			buildRules = (
			);
			dependencies = (
			);
			name = PiratesV2;
			productName = PiratesV2;
			productReference = 362404CD23C77AC900207356 /* PiratesV2.app */;
			productType = "com.apple.product-type.application";
		};
		362404E223C77ACA00207356 /* PiratesV2Tests */ = {
			isa = PBXNativeTarget;
			buildConfigurationList = 362404FA23C77ACA00207356 /* Build configuration list for PBXNativeTarget "PiratesV2Tests" */;
			buildPhases = (
				362404DF23C77ACA00207356 /* Sources */,
				362404E023C77ACA00207356 /* Frameworks */,
				362404E123C77ACA00207356 /* Resources */,
			);
			buildRules = (
			);
			dependencies = (
				362404E523C77ACA00207356 /* PBXTargetDependency */,
			);
			name = PiratesV2Tests;
			productName = PiratesV2Tests;
			productReference = 362404E323C77ACA00207356 /* PiratesV2Tests.xctest */;
			productType = "com.apple.product-type.bundle.unit-test";
		};
		362404ED23C77ACA00207356 /* PiratesV2UITests */ = {
			isa = PBXNativeTarget;
			buildConfigurationList = 362404FD23C77ACA00207356 /* Build configuration list for PBXNativeTarget "PiratesV2UITests" */;
			buildPhases = (
				362404EA23C77ACA00207356 /* Sources */,
				362404EB23C77ACA00207356 /* Frameworks */,
				362404EC23C77ACA00207356 /* Resources */,
			);
			buildRules = (
			);
			dependencies = (
				362404F023C77ACA00207356 /* PBXTargetDependency */,
			);
			name = PiratesV2UITests;
			productName = PiratesV2UITests;
			productReference = 362404EE23C77ACA00207356 /* PiratesV2UITests.xctest */;
			productType = "com.apple.product-type.bundle.ui-testing";
		};
/* End PBXNativeTarget section */

/* Begin PBXProject section */
		362404C523C77AC900207356 /* Project object */ = {
			isa = PBXProject;
			attributes = {
				LastSwiftUpdateCheck = 1110;
				LastUpgradeCheck = 1110;
				ORGANIZATIONNAME = "Code Nation";
				TargetAttributes = {
					362404CC23C77AC900207356 = {
						CreatedOnToolsVersion = 11.1;
					};
					362404E223C77ACA00207356 = {
						CreatedOnToolsVersion = 11.1;
						TestTargetID = 362404CC23C77AC900207356;
					};
					362404ED23C77ACA00207356 = {
						CreatedOnToolsVersion = 11.1;
						TestTargetID = 362404CC23C77AC900207356;
					};
				};
			};
			buildConfigurationList = 362404C823C77AC900207356 /* Build configuration list for PBXProject "PiratesV2" */;
			compatibilityVersion = "Xcode 9.3";
			developmentRegion = en;
			hasScannedForEncodings = 0;
			knownRegions = (
				en,
				Base,
			);
			mainGroup = 362404C423C77AC900207356;
			productRefGroup = 362404CE23C77AC900207356 /* Products */;
			projectDirPath = "";
			projectRoot = "";
			targets = (
				362404CC23C77AC900207356 /* PiratesV2 */,
				362404E223C77ACA00207356 /* PiratesV2Tests */,
				362404ED23C77ACA00207356 /* PiratesV2UITests */,
			);
		};
/* End PBXProject section */

/* Begin PBXResourcesBuildPhase section */
		362404CB23C77AC900207356 /* Resources */ = {
			isa = PBXResourcesBuildPhase;
			buildActionMask = 2147483647;
			files = (
				362404DD23C77ACA00207356 /* LaunchScreen.storyboard in Resources */,
				362404DA23C77ACA00207356 /* Assets.xcassets in Resources */,
				362404D823C77AC900207356 /* Main.storyboard in Resources */,
			);
			runOnlyForDeploymentPostprocessing = 0;
		};
		362404E123C77ACA00207356 /* Resources */ = {
			isa = PBXResourcesBuildPhase;
			buildActionMask = 2147483647;
			files = (
			);
			runOnlyForDeploymentPostprocessing = 0;
		};
		362404EC23C77ACA00207356 /* Resources */ = {
			isa = PBXResourcesBuildPhase;
			buildActionMask = 2147483647;
			files = (
			);
			runOnlyForDeploymentPostprocessing = 0;
		};
/* End PBXResourcesBuildPhase section */

/* Begin PBXSourcesBuildPhase section */
		362404C923C77AC900207356 /* Sources */ = {
			isa = PBXSourcesBuildPhase;
			buildActionMask = 2147483647;
			files = (
				362404D523C77AC900207356 /* ViewController.swift in Sources */,
				362404D123C77AC900207356 /* AppDelegate.swift in Sources */,
				36AD408D23C7883B007AF208 /* PiratesAndShips.swift in Sources */,
				362404D323C77AC900207356 /* SceneDelegate.swift in Sources */,
			);
			runOnlyForDeploymentPostprocessing = 0;
		};
		362404DF23C77ACA00207356 /* Sources */ = {
			isa = PBXSourcesBuildPhase;
			buildActionMask = 2147483647;
			files = (
				362404E823C77ACA00207356 /* PiratesV2Tests.swift in Sources */,
			);
			runOnlyForDeploymentPostprocessing = 0;
		};
		362404EA23C77ACA00207356 /* Sources */ = {
			isa = PBXSourcesBuildPhase;
			buildActionMask = 2147483647;
			files = (
				362404F323C77ACA00207356 /* PiratesV2UITests.swift in Sources */,
			);
			runOnlyForDeploymentPostprocessing = 0;
		};
/* End PBXSourcesBuildPhase section */

/* Begin PBXTargetDependency section */
		362404E523C77ACA00207356 /* PBXTargetDependency */ = {
			isa = PBXTargetDependency;
			target = 362404CC23C77AC900207356 /* PiratesV2 */;
			targetProxy = 362404E423C77ACA00207356 /* PBXContainerItemProxy */;
		};
		362404F023C77ACA00207356 /* PBXTargetDependency */ = {
			isa = PBXTargetDependency;
			target = 362404CC23C77AC900207356 /* PiratesV2 */;
			targetProxy = 362404EF23C77ACA00207356 /* PBXContainerItemProxy */;
		};
/* End PBXTargetDependency section */

/* Begin PBXVariantGroup section */
		362404D623C77AC900207356 /* Main.storyboard */ = {
			isa = PBXVariantGroup;
			children = (
				362404D723C77AC900207356 /* Base */,
			);
			name = Main.storyboard;
			sourceTree = "<group>";
		};
		362404DB23C77ACA00207356 /* LaunchScreen.storyboard */ = {
			isa = PBXVariantGroup;
			children = (
				362404DC23C77ACA00207356 /* Base */,
			);
			name = LaunchScreen.storyboard;
			sourceTree = "<group>";
		};
/* End PBXVariantGroup section */

/* Begin XCBuildConfiguration section */
		362404F523C77ACA00207356 /* Debug */ = {
			isa = XCBuildConfiguration;
			buildSettings = {
				ALWAYS_SEARCH_USER_PATHS = NO;
				CLANG_ANALYZER_NONNULL = YES;
				CLANG_ANALYZER_NUMBER_OBJECT_CONVERSION = YES_AGGRESSIVE;
				CLANG_CXX_LANGUAGE_STANDARD = "gnu++14";
				CLANG_CXX_LIBRARY = "libc++";
				CLANG_ENABLE_MODULES = YES;
				CLANG_ENABLE_OBJC_ARC = YES;
				CLANG_ENABLE_OBJC_WEAK = YES;
				CLANG_WARN_BLOCK_CAPTURE_AUTORELEASING = YES;
				CLANG_WARN_BOOL_CONVERSION = YES;
				CLANG_WARN_COMMA = YES;
				CLANG_WARN_CONSTANT_CONVERSION = YES;
				CLANG_WARN_DEPRECATED_OBJC_IMPLEMENTATIONS = YES;
				CLANG_WARN_DIRECT_OBJC_ISA_USAGE = YES_ERROR;
				CLANG_WARN_DOCUMENTATION_COMMENTS = YES;
				CLANG_WARN_EMPTY_BODY = YES;
				CLANG_WARN_ENUM_CONVERSION = YES;
				CLANG_WARN_INFINITE_RECURSION = YES;
				CLANG_WARN_INT_CONVERSION = YES;
				CLANG_WARN_NON_LITERAL_NULL_CONVERSION = YES;
				CLANG_WARN_OBJC_IMPLICIT_RETAIN_SELF = YES;
				CLANG_WARN_OBJC_LITERAL_CONVERSION = YES;
				CLANG_WARN_OBJC_ROOT_CLASS = YES_ERROR;
				CLANG_WARN_RANGE_LOOP_ANALYSIS = YES;
				CLANG_WARN_STRICT_PROTOTYPES = YES;
				CLANG_WARN_SUSPICIOUS_MOVE = YES;
				CLANG_WARN_UNGUARDED_AVAILABILITY = YES_AGGRESSIVE;
				CLANG_WARN_UNREACHABLE_CODE = YES;
				CLANG_WARN__DUPLICATE_METHOD_MATCH = YES;
				COPY_PHASE_STRIP = NO;
				DEBUG_INFORMATION_FORMAT = dwarf;
				ENABLE_STRICT_OBJC_MSGSEND = YES;
				ENABLE_TESTABILITY = YES;
				GCC_C_LANGUAGE_STANDARD = gnu11;
				GCC_DYNAMIC_NO_PIC = NO;
				GCC_NO_COMMON_BLOCKS = YES;
				GCC_OPTIMIZATION_LEVEL = 0;
				GCC_PREPROCESSOR_DEFINITIONS = (
					"DEBUG=1",
					"$(inherited)",
				);
				GCC_WARN_64_TO_32_BIT_CONVERSION = YES;
				GCC_WARN_ABOUT_RETURN_TYPE = YES_ERROR;
				GCC_WARN_UNDECLARED_SELECTOR = YES;
				GCC_WARN_UNINITIALIZED_AUTOS = YES_AGGRESSIVE;
				GCC_WARN_UNUSED_FUNCTION = YES;
				GCC_WARN_UNUSED_VARIABLE = YES;
				IPHONEOS_DEPLOYMENT_TARGET = 13.1;
				MTL_ENABLE_DEBUG_INFO = INCLUDE_SOURCE;
				MTL_FAST_MATH = YES;
				ONLY_ACTIVE_ARCH = YES;
				SDKROOT = iphoneos;
				SWIFT_ACTIVE_COMPILATION_CONDITIONS = DEBUG;
				SWIFT_OPTIMIZATION_LEVEL = "-Onone";
			};
			name = Debug;
		};
		362404F623C77ACA00207356 /* Release */ = {
			isa = XCBuildConfiguration;
			buildSettings = {
				ALWAYS_SEARCH_USER_PATHS = NO;
				CLANG_ANALYZER_NONNULL = YES;
				CLANG_ANALYZER_NUMBER_OBJECT_CONVERSION = YES_AGGRESSIVE;
				CLANG_CXX_LANGUAGE_STANDARD = "gnu++14";
				CLANG_CXX_LIBRARY = "libc++";
				CLANG_ENABLE_MODULES = YES;
				CLANG_ENABLE_OBJC_ARC = YES;
				CLANG_ENABLE_OBJC_WEAK = YES;
				CLANG_WARN_BLOCK_CAPTURE_AUTORELEASING = YES;
				CLANG_WARN_BOOL_CONVERSION = YES;
				CLANG_WARN_COMMA = YES;
				CLANG_WARN_CONSTANT_CONVERSION = YES;
				CLANG_WARN_DEPRECATED_OBJC_IMPLEMENTATIONS = YES;
				CLANG_WARN_DIRECT_OBJC_ISA_USAGE = YES_ERROR;
				CLANG_WARN_DOCUMENTATION_COMMENTS = YES;
				CLANG_WARN_EMPTY_BODY = YES;
				CLANG_WARN_ENUM_CONVERSION = YES;
				CLANG_WARN_INFINITE_RECURSION = YES;
				CLANG_WARN_INT_CONVERSION = YES;
				CLANG_WARN_NON_LITERAL_NULL_CONVERSION = YES;
				CLANG_WARN_OBJC_IMPLICIT_RETAIN_SELF = YES;
				CLANG_WARN_OBJC_LITERAL_CONVERSION = YES;
				CLANG_WARN_OBJC_ROOT_CLASS = YES_ERROR;
				CLANG_WARN_RANGE_LOOP_ANALYSIS = YES;
				CLANG_WARN_STRICT_PROTOTYPES = YES;
				CLANG_WARN_SUSPICIOUS_MOVE = YES;
				CLANG_WARN_UNGUARDED_AVAILABILITY = YES_AGGRESSIVE;
				CLANG_WARN_UNREACHABLE_CODE = YES;
				CLANG_WARN__DUPLICATE_METHOD_MATCH = YES;
				COPY_PHASE_STRIP = NO;
				DEBUG_INFORMATION_FORMAT = "dwarf-with-dsym";
				ENABLE_NS_ASSERTIONS = NO;
				ENABLE_STRICT_OBJC_MSGSEND = YES;
				GCC_C_LANGUAGE_STANDARD = gnu11;
				GCC_NO_COMMON_BLOCKS = YES;
				GCC_WARN_64_TO_32_BIT_CONVERSION = YES;
				GCC_WARN_ABOUT_RETURN_TYPE = YES_ERROR;
				GCC_WARN_UNDECLARED_SELECTOR = YES;
				GCC_WARN_UNINITIALIZED_AUTOS = YES_AGGRESSIVE;
				GCC_WARN_UNUSED_FUNCTION = YES;
				GCC_WARN_UNUSED_VARIABLE = YES;
				IPHONEOS_DEPLOYMENT_TARGET = 13.1;
				MTL_ENABLE_DEBUG_INFO = NO;
				MTL_FAST_MATH = YES;
				SDKROOT = iphoneos;
				SWIFT_COMPILATION_MODE = wholemodule;
				SWIFT_OPTIMIZATION_LEVEL = "-O";
				VALIDATE_PRODUCT = YES;
			};
			name = Release;
		};
		362404F823C77ACA00207356 /* Debug */ = {
			isa = XCBuildConfiguration;
			buildSettings = {
				ASSETCATALOG_COMPILER_APPICON_NAME = AppIcon;
				CODE_SIGN_STYLE = Automatic;
				INFOPLIST_FILE = PiratesV2/Info.plist;
				LD_RUNPATH_SEARCH_PATHS = (
					"$(inherited)",
					"@executable_path/Frameworks",
				);
				PRODUCT_BUNDLE_IDENTIFIER = CN.PiratesV2;
				PRODUCT_NAME = "$(TARGET_NAME)";
				SWIFT_VERSION = 5.0;
				TARGETED_DEVICE_FAMILY = "1,2";
			};
			name = Debug;
		};
		362404F923C77ACA00207356 /* Release */ = {
			isa = XCBuildConfiguration;
			buildSettings = {
				ASSETCATALOG_COMPILER_APPICON_NAME = AppIcon;
				CODE_SIGN_STYLE = Automatic;
				INFOPLIST_FILE = PiratesV2/Info.plist;
				LD_RUNPATH_SEARCH_PATHS = (
					"$(inherited)",
					"@executable_path/Frameworks",
				);
				PRODUCT_BUNDLE_IDENTIFIER = CN.PiratesV2;
				PRODUCT_NAME = "$(TARGET_NAME)";
				SWIFT_VERSION = 5.0;
				TARGETED_DEVICE_FAMILY = "1,2";
			};
			name = Release;
		};
		362404FB23C77ACA00207356 /* Debug */ = {
			isa = XCBuildConfiguration;
			buildSettings = {
				ALWAYS_EMBED_SWIFT_STANDARD_LIBRARIES = YES;
				BUNDLE_LOADER = "$(TEST_HOST)";
				CODE_SIGN_STYLE = Automatic;
				INFOPLIST_FILE = PiratesV2Tests/Info.plist;
				IPHONEOS_DEPLOYMENT_TARGET = 13.1;
				LD_RUNPATH_SEARCH_PATHS = (
					"$(inherited)",
					"@executable_path/Frameworks",
					"@loader_path/Frameworks",
				);
				PRODUCT_BUNDLE_IDENTIFIER = CN.PiratesV2Tests;
				PRODUCT_NAME = "$(TARGET_NAME)";
				SWIFT_VERSION = 5.0;
				TARGETED_DEVICE_FAMILY = "1,2";
				TEST_HOST = "$(BUILT_PRODUCTS_DIR)/PiratesV2.app/PiratesV2";
			};
			name = Debug;
		};
		362404FC23C77ACA00207356 /* Release */ = {
			isa = XCBuildConfiguration;
			buildSettings = {
				ALWAYS_EMBED_SWIFT_STANDARD_LIBRARIES = YES;
				BUNDLE_LOADER = "$(TEST_HOST)";
				CODE_SIGN_STYLE = Automatic;
				INFOPLIST_FILE = PiratesV2Tests/Info.plist;
				IPHONEOS_DEPLOYMENT_TARGET = 13.1;
				LD_RUNPATH_SEARCH_PATHS = (
					"$(inherited)",
					"@executable_path/Frameworks",
					"@loader_path/Frameworks",
				);
				PRODUCT_BUNDLE_IDENTIFIER = CN.PiratesV2Tests;
				PRODUCT_NAME = "$(TARGET_NAME)";
				SWIFT_VERSION = 5.0;
				TARGETED_DEVICE_FAMILY = "1,2";
				TEST_HOST = "$(BUILT_PRODUCTS_DIR)/PiratesV2.app/PiratesV2";
			};
			name = Release;
		};
		362404FE23C77ACA00207356 /* Debug */ = {
			isa = XCBuildConfiguration;
			buildSettings = {
				ALWAYS_EMBED_SWIFT_STANDARD_LIBRARIES = YES;
				CODE_SIGN_STYLE = Automatic;
				INFOPLIST_FILE = PiratesV2UITests/Info.plist;
				LD_RUNPATH_SEARCH_PATHS = (
					"$(inherited)",
					"@executable_path/Frameworks",
					"@loader_path/Frameworks",
				);
				PRODUCT_BUNDLE_IDENTIFIER = CN.PiratesV2UITests;
				PRODUCT_NAME = "$(TARGET_NAME)";
				SWIFT_VERSION = 5.0;
				TARGETED_DEVICE_FAMILY = "1,2";
				TEST_TARGET_NAME = PiratesV2;
			};
			name = Debug;
		};
		362404FF23C77ACA00207356 /* Release */ = {
			isa = XCBuildConfiguration;
			buildSettings = {
				ALWAYS_EMBED_SWIFT_STANDARD_LIBRARIES = YES;
				CODE_SIGN_STYLE = Automatic;
				INFOPLIST_FILE = PiratesV2UITests/Info.plist;
				LD_RUNPATH_SEARCH_PATHS = (
					"$(inherited)",
					"@executable_path/Frameworks",
					"@loader_path/Frameworks",
				);
				PRODUCT_BUNDLE_IDENTIFIER = CN.PiratesV2UITests;
				PRODUCT_NAME = "$(TARGET_NAME)";
				SWIFT_VERSION = 5.0;
				TARGETED_DEVICE_FAMILY = "1,2";
				TEST_TARGET_NAME = PiratesV2;
			};
			name = Release;
		};
/* End XCBuildConfiguration section */

/* Begin XCConfigurationList section */
		362404C823C77AC900207356 /* Build configuration list for PBXProject "PiratesV2" */ = {
			isa = XCConfigurationList;
			buildConfigurations = (
				362404F523C77ACA00207356 /* Debug */,
				362404F623C77ACA00207356 /* Release */,
			);
			defaultConfigurationIsVisible = 0;
			defaultConfigurationName = Release;
		};
		362404F723C77ACA00207356 /* Build configuration list for PBXNativeTarget "PiratesV2" */ = {
			isa = XCConfigurationList;
			buildConfigurations = (
				362404F823C77ACA00207356 /* Debug */,
				362404F923C77ACA00207356 /* Release */,
			);
			defaultConfigurationIsVisible = 0;
			defaultConfigurationName = Release;
		};
		362404FA23C77ACA00207356 /* Build configuration list for PBXNativeTarget "PiratesV2Tests" */ = {
			isa = XCConfigurationList;
			buildConfigurations = (
				362404FB23C77ACA00207356 /* Debug */,
				362404FC23C77ACA00207356 /* Release */,
			);
			defaultConfigurationIsVisible = 0;
			defaultConfigurationName = Release;
		};
		362404FD23C77ACA00207356 /* Build configuration list for PBXNativeTarget "PiratesV2UITests" */ = {
			isa = XCConfigurationList;
			buildConfigurations = (
				362404FE23C77ACA00207356 /* Debug */,
				362404FF23C77ACA00207356 /* Release */,
			);
			defaultConfigurationIsVisible = 0;
			defaultConfigurationName = Release;
		};
/* End XCConfigurationList section */
	};
	rootObject = 362404C523C77AC900207356 /* Project object */;
}
